
Microsoft Visual Studio Solution File, Format Version 12.00
# Visual Studio Version 17
VisualStudioVersion = 17.3.32825.248
MinimumVisualStudioVersion = 10.0.40219.1
Project("{8BC9CEB8-8B4A-11D0-8D11-00A0C91BC942}") = "2.5", "2.5\2.5.vcxproj", "{7B13C3F2-2287-41F6-9BAF-C4270E3445A1}"
EndProject
Global
	GlobalSection(SolutionConfigurationPlatforms) = preSolution
		Debug|x64 = Debug|x64
		Debug|x86 = Debug|x86
		Release|x64 = Release|x64
		Release|x86 = Release|x86
	EndGlobalSection
	GlobalSection(ProjectConfigurationPlatforms) = postSolution
		{7B13C3F2-2287-41F6-9BAF-C4270E3445A1}.Debug|x64.ActiveCfg = Debug|x64
		{7B13C3F2-2287-41F6-9BAF-C4270E3445A1}.Debug|x64.Build.0 = Debug|x64
		{7B13C3F2-2287-41F6-9BAF-C4270E3445A1}.Debug|x86.ActiveCfg = Debug|Win32
		{7B13C3F2-2287-41F6-9BAF-C4270E3445A1}.Debug|x86.Build.0 = Debug|Win32
		{7B13C3F2-2287-41F6-9BAF-C4270E3445A1}.Release|x64.ActiveCfg = Release|x64
		{7B13C3F2-2287-41F6-9BAF-C4270E3445A1}.Release|x64.Build.0 = Release|x64
		{7B13C3F2-2287-41F6-9BAF-C4270E3445A1}.Release|x86.ActiveCfg = Release|Win32
		{7B13C3F2-2287-41F6-9BAF-C4270E3445A1}.Release|x86.Build.0 = Release|Win32
	EndGlobalSection
	GlobalSection(SolutionProperties) = preSolution
		HideSolutionNode = FALSE
	EndGlobalSection
	GlobalSection(ExtensibilityGlobals) = postSolution
		SolutionGuid = {25F1F56E-2F6B-4D71-9BD7-3556078C1D17}
	EndGlobalSection
EndGlobal
